// !$*UTF8*$!
{
	archiveVersion = 1;
	classes = {
	};
	objectVersion = 50;
	objects = {

/* Begin PBXBuildFile section */
		787538A6207F0B6200E4DB6B /* AppDelegate.swift in Sources */ = {isa = PBXBuildFile; fileRef = 787538A5207F0B6200E4DB6B /* AppDelegate.swift */; };
		787538A8207F0B6200E4DB6B /* ViewController.swift in Sources */ = {isa = PBXBuildFile; fileRef = 787538A7207F0B6200E4DB6B /* ViewController.swift */; };
		787538AB207F0B6200E4DB6B /* Main.storyboard in Resources */ = {isa = PBXBuildFile; fileRef = 787538A9207F0B6200E4DB6B /* Main.storyboard */; };
		787538AD207F0B6300E4DB6B /* Assets.xcassets in Resources */ = {isa = PBXBuildFile; fileRef = 787538AC207F0B6300E4DB6B /* Assets.xcassets */; };
		787538B0207F0B6300E4DB6B /* LaunchScreen.storyboard in Resources */ = {isa = PBXBuildFile; fileRef = 787538AE207F0B6300E4DB6B /* LaunchScreen.storyboard */; };
		787538BC207F0C3A00E4DB6B /* ViewControllerA.swift in Sources */ = {isa = PBXBuildFile; fileRef = 787538BB207F0C3A00E4DB6B /* ViewControllerA.swift */; };
		787538BE207F0C4600E4DB6B /* ViewControllerB.swift in Sources */ = {isa = PBXBuildFile; fileRef = 787538BD207F0C4600E4DB6B /* ViewControllerB.swift */; };
/* End PBXBuildFile section */

/* Begin PBXFileReference section */
		787538A2207F0B6200E4DB6B /* PassingDataForwarSwift.app */ = {isa = PBXFileReference; explicitFileType = wrapper.application; includeInIndex = 0; path = PassingDataForwarSwift.app; sourceTree = BUILT_PRODUCTS_DIR; };
		787538A5207F0B6200E4DB6B /* AppDelegate.swift */ = {isa = PBXFileReference; lastKnownFileType = sourcecode.swift; path = AppDelegate.swift; sourceTree = "<group>"; };
		787538A7207F0B6200E4DB6B /* ViewController.swift */ = {isa = PBXFileReference; lastKnownFileType = sourcecode.swift; path = ViewController.swift; sourceTree = "<group>"; };
		787538AA207F0B6200E4DB6B /* Base */ = {isa = PBXFileReference; lastKnownFileType = file.storyboard; name = Base; path = Base.lproj/Main.storyboard; sourceTree = "<group>"; };
		787538AC207F0B6300E4DB6B /* Assets.xcassets */ = {isa = PBXFileReference; lastKnownFileType = folder.assetcatalog; path = Assets.xcassets; sourceTree = "<group>"; };
		787538AF207F0B6300E4DB6B /* Base */ = {isa = PBXFileReference; lastKnownFileType = file.storyboard; name = Base; path = Base.lproj/LaunchScreen.storyboard; sourceTree = "<group>"; };
		787538B1207F0B6300E4DB6B /* Info.plist */ = {isa = PBXFileReference; lastKnownFileType = text.plist.xml; path = Info.plist; sourceTree = "<group>"; };
		787538BB207F0C3A00E4DB6B /* ViewControllerA.swift */ = {isa = PBXFileReference; lastKnownFileType = sourcecode.swift; path = ViewControllerA.swift; sourceTree = "<group>"; };
		787538BD207F0C4600E4DB6B /* ViewControllerB.swift */ = {isa = PBXFileReference; lastKnownFileType = sourcecode.swift; path = ViewControllerB.swift; sourceTree = "<group>"; };
/* End PBXFileReference section */

/* Begin PBXFrameworksBuildPhase section */
		7875389F207F0B6200E4DB6B /* Frameworks */ = {
			isa = PBXFrameworksBuildPhase;
			buildActionMask = 2147483647;
			files = (
			);
			runOnlyForDeploymentPostprocessing = 0;
		};
/* End PBXFrameworksBuildPhase section */

/* Begin PBXGroup section */
		78753899207F0B6200E4DB6B = {
			isa = PBXGroup;
			children = (
				787538A4207F0B6200E4DB6B /* PassingDataForwarSwift */,
				787538A3207F0B6200E4DB6B /* Products */,
			);
			sourceTree = "<group>";
		};
		787538A3207F0B6200E4DB6B /* Products */ = {
			isa = PBXGroup;
			children = (
				787538A2207F0B6200E4DB6B /* PassingDataForwarSwift.app */,
			);
			name = Products;
			sourceTree = "<group>";
		};
		787538A4207F0B6200E4DB6B /* PassingDataForwarSwift */ = {
			isa = PBXGroup;
			children = (
				787538A5207F0B6200E4DB6B /* AppDelegate.swift */,
				787538A7207F0B6200E4DB6B /* ViewController.swift */,
				787538A9207F0B6200E4DB6B /* Main.storyboard */,
				787538AC207F0B6300E4DB6B /* Assets.xcassets */,
				787538AE207F0B6300E4DB6B /* LaunchScreen.storyboard */,
				787538B1207F0B6300E4DB6B /* Info.plist */,
				787538BB207F0C3A00E4DB6B /* ViewControllerA.swift */,
				787538BD207F0C4600E4DB6B /* ViewControllerB.swift */,
			);
			path = PassingDataForwarSwift;
			sourceTree = "<group>";
		};
/* End PBXGroup section */

/* Begin PBXNativeTarget section */
		787538A1207F0B6200E4DB6B /* PassingDataForwarSwift */ = {
			isa = PBXNativeTarget;
			buildConfigurationList = 787538B4207F0B6300E4DB6B /* Build configuration list for PBXNativeTarget "PassingDataForwarSwift" */;
			buildPhases = (
				7875389E207F0B6200E4DB6B /* Sources */,
				7875389F207F0B6200E4DB6B /* Frameworks */,
				787538A0207F0B6200E4DB6B /* Resources */,
			);
			buildRules = (
			);
			dependencies = (
			);
			name = PassingDataForwarSwift;
			productName = PassingDataForwarSwift;
			productReference = 787538A2207F0B6200E4DB6B /* PassingDataForwarSwift.app */;
			productType = "com.apple.product-type.application";
		};
/* End PBXNativeTarget section */

/* Begin PBXProject section */
		7875389A207F0B6200E4DB6B /* Project object */ = {
			isa = PBXProject;
			attributes = {
				LastSwiftUpdateCheck = 0930;
				LastUpgradeCheck = 0930;
				ORGANIZATIONNAME = Jixin;
				TargetAttributes = {
					787538A1207F0B6200E4DB6B = {
						CreatedOnToolsVersion = 9.3;
					};
				};
			};
			buildConfigurationList = 7875389D207F0B6200E4DB6B /* Build configuration list for PBXProject "PassingDataForwarSwift" */;
			compatibilityVersion = "Xcode 9.3";
			developmentRegion = en;
			hasScannedForEncodings = 0;
			knownRegions = (
				en,
				Base,
			);
			mainGroup = 78753899207F0B6200E4DB6B;
			productRefGroup = 787538A3207F0B6200E4DB6B /* Products */;
			projectDirPath = "";
			projectRoot = "";
			targets = (
				787538A1207F0B6200E4DB6B /* PassingDataForwarSwift */,
			);
		};
/* End PBXProject section */

/* Begin PBXResourcesBuildPhase section */
		787538A0207F0B6200E4DB6B /* Resources */ = {
			isa = PBXResourcesBuildPhase;
			buildActionMask = 2147483647;
			files = (
				787538B0207F0B6300E4DB6B /* LaunchScreen.storyboard in Resources */,
				787538AD207F0B6300E4DB6B /* Assets.xcassets in Resources */,
				787538AB207F0B6200E4DB6B /* Main.storyboard in Resources */,
			);
			runOnlyForDeploymentPostprocessing = 0;
		};
/* End PBXResourcesBuildPhase section */

/* Begin PBXSourcesBuildPhase section */
		7875389E207F0B6200E4DB6B /* Sources */ = {
			isa = PBXSourcesBuildPhase;
			buildActionMask = 2147483647;
			files = (
				787538A8207F0B6200E4DB6B /* ViewController.swift in Sources */,
				787538BE207F0C4600E4DB6B /* ViewControllerB.swift in Sources */,
				787538BC207F0C3A00E4DB6B /* ViewControllerA.swift in Sources */,
				787538A6207F0B6200E4DB6B /* AppDelegate.swift in Sources */,
			);
			runOnlyForDeploymentPostprocessing = 0;
		};
/* End PBXSourcesBuildPhase section */

/* Begin PBXVariantGroup section */
		787538A9207F0B6200E4DB6B /* Main.storyboard */ = {
			isa = PBXVariantGroup;
			children = (
				787538AA207F0B6200E4DB6B /* Base */,
			);
			name = Main.storyboard;
			sourceTree = "<group>";
		};
		787538AE207F0B6300E4DB6B /* LaunchScreen.storyboard */ = {
			isa = PBXVariantGroup;
			children = (
				787538AF207F0B6300E4DB6B /* Base */,
			);
			name = LaunchScreen.storyboard;
			sourceTree = "<group>";
		};
/* End PBXVariantGroup section */

/* Begin XCBuildConfiguration section */
		787538B2207F0B6300E4DB6B /* Debug */ = {
			isa = XCBuildConfiguration;
			buildSettings = {
				ALWAYS_SEARCH_USER_PATHS = NO;
				CLANG_ANALYZER_NONNULL = YES;
				CLANG_ANALYZER_NUMBER_OBJECT_CONVERSION = YES_AGGRESSIVE;
				CLANG_CXX_LANGUAGE_STANDARD = "gnu++14";
				CLANG_CXX_LIBRARY = "libc++";
				CLANG_ENABLE_MODULES = YES;
				CLANG_ENABLE_OBJC_ARC = YES;
				CLANG_ENABLE_OBJC_WEAK = YES;
				CLANG_WARN_BLOCK_CAPTURE_AUTORELEASING = YES;
				CLANG_WARN_BOOL_CONVERSION = YES;
				CLANG_WARN_COMMA = YES;
				CLANG_WARN_CONSTANT_CONVERSION = YES;
				CLANG_WARN_DEPRECATED_OBJC_IMPLEMENTATIONS = YES;
				CLANG_WARN_DIRECT_OBJC_ISA_USAGE = YES_ERROR;
				CLANG_WARN_DOCUMENTATION_COMMENTS = YES;
				CLANG_WARN_EMPTY_BODY = YES;
				CLANG_WARN_ENUM_CONVERSION = YES;
				CLANG_WARN_INFINITE_RECURSION = YES;
				CLANG_WARN_INT_CONVERSION = YES;
				CLANG_WARN_NON_LITERAL_NULL_CONVERSION = YES;
				CLANG_WARN_OBJC_IMPLICIT_RETAIN_SELF = YES;
				CLANG_WARN_OBJC_LITERAL_CONVERSION = YES;
				CLANG_WARN_OBJC_ROOT_CLASS = YES_ERROR;
				CLANG_WARN_RANGE_LOOP_ANALYSIS = YES;
				CLANG_WARN_STRICT_PROTOTYPES = YES;
				CLANG_WARN_SUSPICIOUS_MOVE = YES;
				CLANG_WARN_UNGUARDED_AVAILABILITY = YES_AGGRESSIVE;
				CLANG_WARN_UNREACHABLE_CODE = YES;
				CLANG_WARN__DUPLICATE_METHOD_MATCH = YES;
				CODE_SIGN_IDENTITY = "iPhone Developer";
				COPY_PHASE_STRIP = NO;
				DEBUG_INFORMATION_FORMAT = dwarf;
				ENABLE_STRICT_OBJC_MSGSEND = YES;
				ENABLE_TESTABILITY = YES;
				GCC_C_LANGUAGE_STANDARD = gnu11;
				GCC_DYNAMIC_NO_PIC = NO;
				GCC_NO_COMMON_BLOCKS = YES;
				GCC_OPTIMIZATION_LEVEL = 0;
				GCC_PREPROCESSOR_DEFINITIONS = (
					"DEBUG=1",
					"$(inherited)",
				);
				GCC_WARN_64_TO_32_BIT_CONVERSION = YES;
				GCC_WARN_ABOUT_RETURN_TYPE = YES_ERROR;
				GCC_WARN_UNDECLARED_SELECTOR = YES;
				GCC_WARN_UNINITIALIZED_AUTOS = YES_AGGRESSIVE;
				GCC_WARN_UNUSED_FUNCTION = YES;
				GCC_WARN_UNUSED_VARIABLE = YES;
				IPHONEOS_DEPLOYMENT_TARGET = 11.3;
				MTL_ENABLE_DEBUG_INFO = YES;
				ONLY_ACTIVE_ARCH = YES;
				SDKROOT = iphoneos;
				SWIFT_ACTIVE_COMPILATION_CONDITIONS = DEBUG;
				SWIFT_OPTIMIZATION_LEVEL = "-Onone";
			};
			name = Debug;
		};
		787538B3207F0B6300E4DB6B /* Release */ = {
			isa = XCBuildConfiguration;
			buildSettings = {
				ALWAYS_SEARCH_USER_PATHS = NO;
				CLANG_ANALYZER_NONNULL = YES;
				CLANG_ANALYZER_NUMBER_OBJECT_CONVERSION = YES_AGGRESSIVE;
				CLANG_CXX_LANGUAGE_STANDARD = "gnu++14";
				CLANG_CXX_LIBRARY = "libc++";
				CLANG_ENABLE_MODULES = YES;
				CLANG_ENABLE_OBJC_ARC = YES;
				CLANG_ENABLE_OBJC_WEAK = YES;
				CLANG_WARN_BLOCK_CAPTURE_AUTORELEASING = YES;
				CLANG_WARN_BOOL_CONVERSION = YES;
				CLANG_WARN_COMMA = YES;
				CLANG_WARN_CONSTANT_CONVERSION = YES;
				CLANG_WARN_DEPRECATED_OBJC_IMPLEMENTATIONS = YES;
				CLANG_WARN_DIRECT_OBJC_ISA_USAGE = YES_ERROR;
				CLANG_WARN_DOCUMENTATION_COMMENTS = YES;
				CLANG_WARN_EMPTY_BODY = YES;
				CLANG_WARN_ENUM_CONVERSION = YES;
				CLANG_WARN_INFINITE_RECURSION = YES;
				CLANG_WARN_INT_CONVERSION = YES;
				CLANG_WARN_NON_LITERAL_NULL_CONVERSION = YES;
				CLANG_WARN_OBJC_IMPLICIT_RETAIN_SELF = YES;
				CLANG_WARN_OBJC_LITERAL_CONVERSION = YES;
				CLANG_WARN_OBJC_ROOT_CLASS = YES_ERROR;
				CLANG_WARN_RANGE_LOOP_ANALYSIS = YES;
				CLANG_WARN_STRICT_PROTOTYPES = YES;
				CLANG_WARN_SUSPICIOUS_MOVE = YES;
				CLANG_WARN_UNGUARDED_AVAILABILITY = YES_AGGRESSIVE;
				CLANG_WARN_UNREACHABLE_CODE = YES;
				CLANG_WARN__DUPLICATE_METHOD_MATCH = YES;
				CODE_SIGN_IDENTITY = "iPhone Developer";
				COPY_PHASE_STRIP = NO;
				DEBUG_INFORMATION_FORMAT = "dwarf-with-dsym";
				ENABLE_NS_ASSERTIONS = NO;
				ENABLE_STRICT_OBJC_MSGSEND = YES;
				GCC_C_LANGUAGE_STANDARD = gnu11;
				GCC_NO_COMMON_BLOCKS = YES;
				GCC_WARN_64_TO_32_BIT_CONVERSION = YES;
				GCC_WARN_ABOUT_RETURN_TYPE = YES_ERROR;
				GCC_WARN_UNDECLARED_SELECTOR = YES;
				GCC_WARN_UNINITIALIZED_AUTOS = YES_AGGRESSIVE;
				GCC_WARN_UNUSED_FUNCTION = YES;
				GCC_WARN_UNUSED_VARIABLE = YES;
				IPHONEOS_DEPLOYMENT_TARGET = 11.3;
				MTL_ENABLE_DEBUG_INFO = NO;
				SDKROOT = iphoneos;
				SWIFT_COMPILATION_MODE = wholemodule;
				SWIFT_OPTIMIZATION_LEVEL = "-O";
				VALIDATE_PRODUCT = YES;
			};
			name = Release;
		};
		787538B5207F0B6300E4DB6B /* Debug */ = {
			isa = XCBuildConfiguration;
			buildSettings = {
				ASSETCATALOG_COMPILER_APPICON_NAME = AppIcon;
				CODE_SIGN_STYLE = Automatic;
				DEVELOPMENT_TEAM = 49FUNDNGC6;
				INFOPLIST_FILE = PassingDataForwarSwift/Info.plist;
				LD_RUNPATH_SEARCH_PATHS = (
					"$(inherited)",
					"@executable_path/Frameworks",
				);
				PRODUCT_BUNDLE_IDENTIFIER = Jixin.com.PassingDataForwarSwift;
				PRODUCT_NAME = "$(TARGET_NAME)";
				SWIFT_VERSION = 4.0;
				TARGETED_DEVICE_FAMILY = "1,2";
			};
			name = Debug;
		};
		787538B6207F0B6300E4DB6B /* Release */ = {
			isa = XCBuildConfiguration;
			buildSettings = {
				ASSETCATALOG_COMPILER_APPICON_NAME = AppIcon;
				CODE_SIGN_STYLE = Automatic;
				DEVELOPMENT_TEAM = 49FUNDNGC6;
				INFOPLIST_FILE = PassingDataForwarSwift/Info.plist;
				LD_RUNPATH_SEARCH_PATHS = (
					"$(inherited)",
					"@executable_path/Frameworks",
				);
				PRODUCT_BUNDLE_IDENTIFIER = Jixin.com.PassingDataForwarSwift;
				PRODUCT_NAME = "$(TARGET_NAME)";
				SWIFT_VERSION = 4.0;
				TARGETED_DEVICE_FAMILY = "1,2";
			};
			name = Release;
		};
/* End XCBuildConfiguration section */

/* Begin XCConfigurationList section */
		7875389D207F0B6200E4DB6B /* Build configuration list for PBXProject "PassingDataForwarSwift" */ = {
			isa = XCConfigurationList;
			buildConfigurations = (
				787538B2207F0B6300E4DB6B /* Debug */,
				787538B3207F0B6300E4DB6B /* Release */,
			);
			defaultConfigurationIsVisible = 0;
			defaultConfigurationName = Release;
		};
		787538B4207F0B6300E4DB6B /* Build configuration list for PBXNativeTarget "PassingDataForwarSwift" */ = {
			isa = XCConfigurationList;
			buildConfigurations = (
				787538B5207F0B6300E4DB6B /* Debug */,
				787538B6207F0B6300E4DB6B /* Release */,
			);
			defaultConfigurationIsVisible = 0;
			defaultConfigurationName = Release;
		};
/* End XCConfigurationList section */
	};
	rootObject = 7875389A207F0B6200E4DB6B /* Project object */;
}
